{
    "_meta": {
        "hash": {
            "sha256": "8ac183af433d0a756d4faf56223b14a6283468d5c3b309370021e5e7846eb59c"
        },
        "pipfile-spec": 6,
        "requires": {
            "python_version": "3.10"
        },
        "sources": [
            {
                "name": "pypi",
                "url": "https://pypi.org/simple",
                "verify_ssl": true
            },
            {
                "name": "pytorch_cpu",
                "url": "https://download.pytorch.org/whl/cpu",
                "verify_ssl": true
            }
        ]
    },
    "default": {
        "torch": {
            "hashes": [
                "sha256:0a46a7170bbdca7eb71a595bd499d3bc4b5862aa756120c55383111ceeffe09e",
                "sha256:40616584c171a2562480b788da29e6ae0a35e1aae2e5dc55bd2cc9bbedc847dd",
                "sha256:4adafbcc43d2e7fa0b661a3c36c85f0ed35f69ab5fc88f4b245ad55174776183",
                "sha256:6fe6a7b8c7fcb4ba5f9d20854ecd4d6a8644c5cb12ff9b72d1523c6dcf543606",
                "sha256:8df18dacc5b3b5739fa86b133329abb2f63932104e5a0e57ce01133dff754eb7",
                "sha256:b37a1a701fa00bcb9d508ebc509c3137df5f1cb9287548ee674893ac9561fbae",
                "sha256:c48cf9d76c017cd5f6a015fee1c082a57236f44e7c289060ea207a50ca9e66f1",
                "sha256:c55ca981cf3f1ce8db0fc95327fe2b8092386425d83d6ad02fe1b8d1bfae5eab",
                "sha256:c7531242830606713a32a3c0047e19ec7d718c971a8a9482de7f3c38a05a97a7"
            ],
            "index": "pytorch_cpu",
            "version": "==1.13.0+cpu"
        },
        "typing-extensions": {
            "hashes": [
                "sha256:1511434bb92bf8dd198c12b1cc812e800d4181cfcb867674e0f8279cc93087aa",
                "sha256:16fa4864408f655d35ec496218b85f79b3437c829e93320c7c9215ccfd92489e"
            ],
            "markers": "python_version >= '3.7'",
            "version": "==4.4.0"
        }
    },
    "develop": {
        "isort": {
            "hashes": [
                "sha256:6f62d78e2f89b4500b080fe3a81690850cd254227f27f75c3a0c491a1f351ba7",
                "sha256:e8443a5e7a020e9d7f97f1d7d9cd17c88bcb3bc7e218bf9cf5095fe550be2951"
            ],
            "index": "pypi",
            "version": "==5.10.1"
        }
    }
}
